{
  "name": "converge-studio",
  "version": "1.0.0",
  "lockfileVersion": 3,
  "requires": true,
  "packages": {
    "": {
      "name": "converge-studio",
      "version": "1.0.0",
      "hasInstallScript": true,
      "license": "MIT",
      "dependencies": {
        "web-ifc": "0.0.77"
      },
      "engines": {
        "node": ">=20"
      }
    },
    "node_modules/web-ifc": {
      "version": "0.0.77",
      "resolved": "https://registry.npmjs.org/web-ifc/-/web-ifc-0.0.77.tgz",
      "integrity": "sha512-VzQ0W/Iiqbidxn1ECUvz6qJ6p2sXBVNcOsUOBCETzy77psAH6yFLKQm74aXabkx3JH4OvFVHe8k1qS6+Z2zl1w==",
      "license": "MPL-2.0"
    }
  }
}
